
Microsoft Visual Studio Solution File, Format Version 12.00
# Visual Studio Version 17
VisualStudioVersion = 17.3.32901.215
MinimumVisualStudioVersion = 10.0.40219.1
Project("{FAE04EC0-301F-11D3-BF4B-00C04F79EFBC}") = "IUser", "IUser\IUser.csproj", "{F3793E87-BE93-4F9D-B36F-83D5EC2D3330}"
EndProject
Global
	GlobalSection(SolutionConfigurationPlatforms) = preSolution
		Debug|Any CPU = Debug|Any CPU
		Release|Any CPU = Release|Any CPU
	EndGlobalSection
	GlobalSection(ProjectConfigurationPlatforms) = postSolution
		{F3793E87-BE93-4F9D-B36F-83D5EC2D3330}.Debug|Any CPU.ActiveCfg = Debug|Any CPU
		{F3793E87-BE93-4F9D-B36F-83D5EC2D3330}.Debug|Any CPU.Build.0 = Debug|Any CPU
		{F3793E87-BE93-4F9D-B36F-83D5EC2D3330}.Release|Any CPU.ActiveCfg = Release|Any CPU
		{F3793E87-BE93-4F9D-B36F-83D5EC2D3330}.Release|Any CPU.Build.0 = Release|Any CPU
	EndGlobalSection
	GlobalSection(SolutionProperties) = preSolution
		HideSolutionNode = FALSE
	EndGlobalSection
	GlobalSection(ExtensibilityGlobals) = postSolution
		SolutionGuid = {CF50BDE7-224B-44C4-B9F7-608065A92A91}
	EndGlobalSection
EndGlobal
